// !$*UTF8*$!
{
	archiveVersion = 1;
	classes = {
	};
	objectVersion = 46;
	objects = {

/* Begin PBXBuildFile section */
		1B6BCBC41EE586370054B774 /* AppDelegate.swift in Sources */ = {isa = PBXBuildFile; fileRef = 1B6BCBC31EE586370054B774 /* AppDelegate.swift */; };
		1B6BCBC61EE586370054B774 /* ViewController.swift in Sources */ = {isa = PBXBuildFile; fileRef = 1B6BCBC51EE586370054B774 /* ViewController.swift */; };
		1B6BCBC91EE586370054B774 /* Main.storyboard in Resources */ = {isa = PBXBuildFile; fileRef = 1B6BCBC71EE586370054B774 /* Main.storyboard */; };
		1B6BCBCB1EE586370054B774 /* Assets.xcassets in Resources */ = {isa = PBXBuildFile; fileRef = 1B6BCBCA1EE586370054B774 /* Assets.xcassets */; };
		1B6BCBCE1EE586370054B774 /* LaunchScreen.storyboard in Resources */ = {isa = PBXBuildFile; fileRef = 1B6BCBCC1EE586370054B774 /* LaunchScreen.storyboard */; };
		1B6BCBD91EE586370054B774 /* SwiftExampleTests.swift in Sources */ = {isa = PBXBuildFile; fileRef = 1B6BCBD81EE586370054B774 /* SwiftExampleTests.swift */; };
		1B6BCBE41EE586370054B774 /* SwiftExampleUITests.swift in Sources */ = {isa = PBXBuildFile; fileRef = 1B6BCBE31EE586370054B774 /* SwiftExampleUITests.swift */; };
/* End PBXBuildFile section */

/* Begin PBXContainerItemProxy section */
		1B6BCBD51EE586370054B774 /* PBXContainerItemProxy */ = {
			isa = PBXContainerItemProxy;
			containerPortal = 1B6BCBB81EE586370054B774 /* Project object */;
			proxyType = 1;
			remoteGlobalIDString = 1B6BCBBF1EE586370054B774;
			remoteInfo = SwiftExample;
		};
		1B6BCBE01EE586370054B774 /* PBXContainerItemProxy */ = {
			isa = PBXContainerItemProxy;
			containerPortal = 1B6BCBB81EE586370054B774 /* Project object */;
			proxyType = 1;
			remoteGlobalIDString = 1B6BCBBF1EE586370054B774;
			remoteInfo = SwiftExample;
		};
/* End PBXContainerItemProxy section */

/* Begin PBXFileReference section */
		1B6BCBC01EE586370054B774 /* SwiftExample.app */ = {isa = PBXFileReference; explicitFileType = wrapper.application; includeInIndex = 0; path = SwiftExample.app; sourceTree = BUILT_PRODUCTS_DIR; };
		1B6BCBC31EE586370054B774 /* AppDelegate.swift */ = {isa = PBXFileReference; lastKnownFileType = sourcecode.swift; path = AppDelegate.swift; sourceTree = "<group>"; };
		1B6BCBC51EE586370054B774 /* ViewController.swift */ = {isa = PBXFileReference; lastKnownFileType = sourcecode.swift; path = ViewController.swift; sourceTree = "<group>"; };
		1B6BCBC81EE586370054B774 /* Base */ = {isa = PBXFileReference; lastKnownFileType = file.storyboard; name = Base; path = Base.lproj/Main.storyboard; sourceTree = "<group>"; };
		1B6BCBCA1EE586370054B774 /* Assets.xcassets */ = {isa = PBXFileReference; lastKnownFileType = folder.assetcatalog; path = Assets.xcassets; sourceTree = "<group>"; };
		1B6BCBCD1EE586370054B774 /* Base */ = {isa = PBXFileReference; lastKnownFileType = file.storyboard; name = Base; path = Base.lproj/LaunchScreen.storyboard; sourceTree = "<group>"; };
		1B6BCBCF1EE586370054B774 /* Info.plist */ = {isa = PBXFileReference; lastKnownFileType = text.plist.xml; path = Info.plist; sourceTree = "<group>"; };
		1B6BCBD41EE586370054B774 /* SwiftExampleTests.xctest */ = {isa = PBXFileReference; explicitFileType = wrapper.cfbundle; includeInIndex = 0; path = SwiftExampleTests.xctest; sourceTree = BUILT_PRODUCTS_DIR; };
		1B6BCBD81EE586370054B774 /* SwiftExampleTests.swift */ = {isa = PBXFileReference; lastKnownFileType = sourcecode.swift; path = SwiftExampleTests.swift; sourceTree = "<group>"; };
		1B6BCBDA1EE586370054B774 /* Info.plist */ = {isa = PBXFileReference; lastKnownFileType = text.plist.xml; path = Info.plist; sourceTree = "<group>"; };
		1B6BCBDF1EE586370054B774 /* SwiftExampleUITests.xctest */ = {isa = PBXFileReference; explicitFileType = wrapper.cfbundle; includeInIndex = 0; path = SwiftExampleUITests.xctest; sourceTree = BUILT_PRODUCTS_DIR; };
		1B6BCBE31EE586370054B774 /* SwiftExampleUITests.swift */ = {isa = PBXFileReference; lastKnownFileType = sourcecode.swift; path = SwiftExampleUITests.swift; sourceTree = "<group>"; };
		1B6BCBE51EE586370054B774 /* Info.plist */ = {isa = PBXFileReference; lastKnownFileType = text.plist.xml; path = Info.plist; sourceTree = "<group>"; };
/* End PBXFileReference section */

/* Begin PBXFrameworksBuildPhase section */
		1B6BCBBD1EE586370054B774 /* Frameworks */ = {
			isa = PBXFrameworksBuildPhase;
			buildActionMask = 2147483647;
			files = (
			);
			runOnlyForDeploymentPostprocessing = 0;
		};
		1B6BCBD11EE586370054B774 /* Frameworks */ = {
			isa = PBXFrameworksBuildPhase;
			buildActionMask = 2147483647;
			files = (
			);
			runOnlyForDeploymentPostprocessing = 0;
		};
		1B6BCBDC1EE586370054B774 /* Frameworks */ = {
			isa = PBXFrameworksBuildPhase;
			buildActionMask = 2147483647;
			files = (
			);
			runOnlyForDeploymentPostprocessing = 0;
		};
/* End PBXFrameworksBuildPhase section */

/* Begin PBXGroup section */
		1B6BCBB71EE586370054B774 = {
			isa = PBXGroup;
			children = (
				1B6BCBC21EE586370054B774 /* SwiftExample */,
				1B6BCBD71EE586370054B774 /* SwiftExampleTests */,
				1B6BCBE21EE586370054B774 /* SwiftExampleUITests */,
				1B6BCBC11EE586370054B774 /* Products */,
			);
			sourceTree = "<group>";
		};
		1B6BCBC11EE586370054B774 /* Products */ = {
			isa = PBXGroup;
			children = (
				1B6BCBC01EE586370054B774 /* SwiftExample.app */,
				1B6BCBD41EE586370054B774 /* SwiftExampleTests.xctest */,
				1B6BCBDF1EE586370054B774 /* SwiftExampleUITests.xctest */,
			);
			name = Products;
			sourceTree = "<group>";
		};
		1B6BCBC21EE586370054B774 /* SwiftExample */ = {
			isa = PBXGroup;
			children = (
				1B6BCBC31EE586370054B774 /* AppDelegate.swift */,
				1B6BCBC51EE586370054B774 /* ViewController.swift */,
				1B6BCBC71EE586370054B774 /* Main.storyboard */,
				1B6BCBCA1EE586370054B774 /* Assets.xcassets */,
				1B6BCBCC1EE586370054B774 /* LaunchScreen.storyboard */,
				1B6BCBCF1EE586370054B774 /* Info.plist */,
			);
			path = SwiftExample;
			sourceTree = "<group>";
		};
		1B6BCBD71EE586370054B774 /* SwiftExampleTests */ = {
			isa = PBXGroup;
			children = (
				1B6BCBD81EE586370054B774 /* SwiftExampleTests.swift */,
				1B6BCBDA1EE586370054B774 /* Info.plist */,
			);
			path = SwiftExampleTests;
			sourceTree = "<group>";
		};
		1B6BCBE21EE586370054B774 /* SwiftExampleUITests */ = {
			isa = PBXGroup;
			children = (
				1B6BCBE31EE586370054B774 /* SwiftExampleUITests.swift */,
				1B6BCBE51EE586370054B774 /* Info.plist */,
			);
			path = SwiftExampleUITests;
			sourceTree = "<group>";
		};
/* End PBXGroup section */

/* Begin PBXNativeTarget section */
		1B6BCBBF1EE586370054B774 /* SwiftExample */ = {
			isa = PBXNativeTarget;
			buildConfigurationList = 1B6BCBE81EE586370054B774 /* Build configuration list for PBXNativeTarget "SwiftExample" */;
			buildPhases = (
				1B6BCBBC1EE586370054B774 /* Sources */,
				1B6BCBBD1EE586370054B774 /* Frameworks */,
				1B6BCBBE1EE586370054B774 /* Resources */,
			);
			buildRules = (
			);
			dependencies = (
			);
			name = SwiftExample;
			productName = SwiftExample;
			productReference = 1B6BCBC01EE586370054B774 /* SwiftExample.app */;
			productType = "com.apple.product-type.application";
		};
		1B6BCBD31EE586370054B774 /* SwiftExampleTests */ = {
			isa = PBXNativeTarget;
			buildConfigurationList = 1B6BCBEB1EE586370054B774 /* Build configuration list for PBXNativeTarget "SwiftExampleTests" */;
			buildPhases = (
				1B6BCBD01EE586370054B774 /* Sources */,
				1B6BCBD11EE586370054B774 /* Frameworks */,
				1B6BCBD21EE586370054B774 /* Resources */,
			);
			buildRules = (
			);
			dependencies = (
				1B6BCBD61EE586370054B774 /* PBXTargetDependency */,
			);
			name = SwiftExampleTests;
			productName = SwiftExampleTests;
			productReference = 1B6BCBD41EE586370054B774 /* SwiftExampleTests.xctest */;
			productType = "com.apple.product-type.bundle.unit-test";
		};
		1B6BCBDE1EE586370054B774 /* SwiftExampleUITests */ = {
			isa = PBXNativeTarget;
			buildConfigurationList = 1B6BCBEE1EE586370054B774 /* Build configuration list for PBXNativeTarget "SwiftExampleUITests" */;
			buildPhases = (
				1B6BCBDB1EE586370054B774 /* Sources */,
				1B6BCBDC1EE586370054B774 /* Frameworks */,
				1B6BCBDD1EE586370054B774 /* Resources */,
			);
			buildRules = (
			);
			dependencies = (
				1B6BCBE11EE586370054B774 /* PBXTargetDependency */,
			);
			name = SwiftExampleUITests;
			productName = SwiftExampleUITests;
			productReference = 1B6BCBDF1EE586370054B774 /* SwiftExampleUITests.xctest */;
			productType = "com.apple.product-type.bundle.ui-testing";
		};
/* End PBXNativeTarget section */

/* Begin PBXProject section */
		1B6BCBB81EE586370054B774 /* Project object */ = {
			isa = PBXProject;
			attributes = {
				LastSwiftUpdateCheck = 0820;
				LastUpgradeCheck = 0820;
				ORGANIZATIONNAME = Dinesh;
				TargetAttributes = {
					1B6BCBBF1EE586370054B774 = {
						CreatedOnToolsVersion = 8.2.1;
						ProvisioningStyle = Automatic;
					};
					1B6BCBD31EE586370054B774 = {
						CreatedOnToolsVersion = 8.2.1;
						ProvisioningStyle = Automatic;
						TestTargetID = 1B6BCBBF1EE586370054B774;
					};
					1B6BCBDE1EE586370054B774 = {
						CreatedOnToolsVersion = 8.2.1;
						ProvisioningStyle = Automatic;
						TestTargetID = 1B6BCBBF1EE586370054B774;
					};
				};
			};
			buildConfigurationList = 1B6BCBBB1EE586370054B774 /* Build configuration list for PBXProject "SwiftExample" */;
			compatibilityVersion = "Xcode 3.2";
			developmentRegion = English;
			hasScannedForEncodings = 0;
			knownRegions = (
				en,
				Base,
			);
			mainGroup = 1B6BCBB71EE586370054B774;
			productRefGroup = 1B6BCBC11EE586370054B774 /* Products */;
			projectDirPath = "";
			projectRoot = "";
			targets = (
				1B6BCBBF1EE586370054B774 /* SwiftExample */,
				1B6BCBD31EE586370054B774 /* SwiftExampleTests */,
				1B6BCBDE1EE586370054B774 /* SwiftExampleUITests */,
			);
		};
/* End PBXProject section */

/* Begin PBXResourcesBuildPhase section */
		1B6BCBBE1EE586370054B774 /* Resources */ = {
			isa = PBXResourcesBuildPhase;
			buildActionMask = 2147483647;
			files = (
				1B6BCBCE1EE586370054B774 /* LaunchScreen.storyboard in Resources */,
				1B6BCBCB1EE586370054B774 /* Assets.xcassets in Resources */,
				1B6BCBC91EE586370054B774 /* Main.storyboard in Resources */,
			);
			runOnlyForDeploymentPostprocessing = 0;
		};
		1B6BCBD21EE586370054B774 /* Resources */ = {
			isa = PBXResourcesBuildPhase;
			buildActionMask = 2147483647;
			files = (
			);
			runOnlyForDeploymentPostprocessing = 0;
		};
		1B6BCBDD1EE586370054B774 /* Resources */ = {
			isa = PBXResourcesBuildPhase;
			buildActionMask = 2147483647;
			files = (
			);
			runOnlyForDeploymentPostprocessing = 0;
		};
/* End PBXResourcesBuildPhase section */

/* Begin PBXSourcesBuildPhase section */
		1B6BCBBC1EE586370054B774 /* Sources */ = {
			isa = PBXSourcesBuildPhase;
			buildActionMask = 2147483647;
			files = (
				1B6BCBC61EE586370054B774 /* ViewController.swift in Sources */,
				1B6BCBC41EE586370054B774 /* AppDelegate.swift in Sources */,
			);
			runOnlyForDeploymentPostprocessing = 0;
		};
		1B6BCBD01EE586370054B774 /* Sources */ = {
			isa = PBXSourcesBuildPhase;
			buildActionMask = 2147483647;
			files = (
				1B6BCBD91EE586370054B774 /* SwiftExampleTests.swift in Sources */,
			);
			runOnlyForDeploymentPostprocessing = 0;
		};
		1B6BCBDB1EE586370054B774 /* Sources */ = {
			isa = PBXSourcesBuildPhase;
			buildActionMask = 2147483647;
			files = (
				1B6BCBE41EE586370054B774 /* SwiftExampleUITests.swift in Sources */,
			);
			runOnlyForDeploymentPostprocessing = 0;
		};
/* End PBXSourcesBuildPhase section */

/* Begin PBXTargetDependency section */
		1B6BCBD61EE586370054B774 /* PBXTargetDependency */ = {
			isa = PBXTargetDependency;
			target = 1B6BCBBF1EE586370054B774 /* SwiftExample */;
			targetProxy = 1B6BCBD51EE586370054B774 /* PBXContainerItemProxy */;
		};
		1B6BCBE11EE586370054B774 /* PBXTargetDependency */ = {
			isa = PBXTargetDependency;
			target = 1B6BCBBF1EE586370054B774 /* SwiftExample */;
			targetProxy = 1B6BCBE01EE586370054B774 /* PBXContainerItemProxy */;
		};
/* End PBXTargetDependency section */

/* Begin PBXVariantGroup section */
		1B6BCBC71EE586370054B774 /* Main.storyboard */ = {
			isa = PBXVariantGroup;
			children = (
				1B6BCBC81EE586370054B774 /* Base */,
			);
			name = Main.storyboard;
			sourceTree = "<group>";
		};
		1B6BCBCC1EE586370054B774 /* LaunchScreen.storyboard */ = {
			isa = PBXVariantGroup;
			children = (
				1B6BCBCD1EE586370054B774 /* Base */,
			);
			name = LaunchScreen.storyboard;
			sourceTree = "<group>";
		};
/* End PBXVariantGroup section */

/* Begin XCBuildConfiguration section */
		1B6BCBE61EE586370054B774 /* Debug */ = {
			isa = XCBuildConfiguration;
			buildSettings = {
				ALWAYS_SEARCH_USER_PATHS = NO;
				CLANG_ANALYZER_NONNULL = YES;
				CLANG_CXX_LANGUAGE_STANDARD = "gnu++0x";
				CLANG_CXX_LIBRARY = "libc++";
				CLANG_ENABLE_MODULES = YES;
				CLANG_ENABLE_OBJC_ARC = YES;
				CLANG_WARN_BOOL_CONVERSION = YES;
				CLANG_WARN_CONSTANT_CONVERSION = YES;
				CLANG_WARN_DIRECT_OBJC_ISA_USAGE = YES_ERROR;
				CLANG_WARN_DOCUMENTATION_COMMENTS = YES;
				CLANG_WARN_EMPTY_BODY = YES;
				CLANG_WARN_ENUM_CONVERSION = YES;
				CLANG_WARN_INFINITE_RECURSION = YES;
				CLANG_WARN_INT_CONVERSION = YES;
				CLANG_WARN_OBJC_ROOT_CLASS = YES_ERROR;
				CLANG_WARN_SUSPICIOUS_MOVE = YES;
				CLANG_WARN_UNREACHABLE_CODE = YES;
				CLANG_WARN__DUPLICATE_METHOD_MATCH = YES;
				"CODE_SIGN_IDENTITY[sdk=iphoneos*]" = "iPhone Developer";
				COPY_PHASE_STRIP = NO;
				DEBUG_INFORMATION_FORMAT = dwarf;
				ENABLE_STRICT_OBJC_MSGSEND = YES;
				ENABLE_TESTABILITY = YES;
				GCC_C_LANGUAGE_STANDARD = gnu99;
				GCC_DYNAMIC_NO_PIC = NO;
				GCC_NO_COMMON_BLOCKS = YES;
				GCC_OPTIMIZATION_LEVEL = 0;
				GCC_PREPROCESSOR_DEFINITIONS = (
					"DEBUG=1",
					"$(inherited)",
				);
				GCC_WARN_64_TO_32_BIT_CONVERSION = YES;
				GCC_WARN_ABOUT_RETURN_TYPE = YES_ERROR;
				GCC_WARN_UNDECLARED_SELECTOR = YES;
				GCC_WARN_UNINITIALIZED_AUTOS = YES_AGGRESSIVE;
				GCC_WARN_UNUSED_FUNCTION = YES;
				GCC_WARN_UNUSED_VARIABLE = YES;
				IPHONEOS_DEPLOYMENT_TARGET = 10.2;
				MTL_ENABLE_DEBUG_INFO = YES;
				ONLY_ACTIVE_ARCH = YES;
				SDKROOT = iphoneos;
				SWIFT_ACTIVE_COMPILATION_CONDITIONS = DEBUG;
				SWIFT_OPTIMIZATION_LEVEL = "-Onone";
				TARGETED_DEVICE_FAMILY = "1,2";
			};
			name = Debug;
		};
		1B6BCBE71EE586370054B774 /* Release */ = {
			isa = XCBuildConfiguration;
			buildSettings = {
				ALWAYS_SEARCH_USER_PATHS = NO;
				CLANG_ANALYZER_NONNULL = YES;
				CLANG_CXX_LANGUAGE_STANDARD = "gnu++0x";
				CLANG_CXX_LIBRARY = "libc++";
				CLANG_ENABLE_MODULES = YES;
				CLANG_ENABLE_OBJC_ARC = YES;
				CLANG_WARN_BOOL_CONVERSION = YES;
				CLANG_WARN_CONSTANT_CONVERSION = YES;
				CLANG_WARN_DIRECT_OBJC_ISA_USAGE = YES_ERROR;
				CLANG_WARN_DOCUMENTATION_COMMENTS = YES;
				CLANG_WARN_EMPTY_BODY = YES;
				CLANG_WARN_ENUM_CONVERSION = YES;
				CLANG_WARN_INFINITE_RECURSION = YES;
				CLANG_WARN_INT_CONVERSION = YES;
				CLANG_WARN_OBJC_ROOT_CLASS = YES_ERROR;
				CLANG_WARN_SUSPICIOUS_MOVE = YES;
				CLANG_WARN_UNREACHABLE_CODE = YES;
				CLANG_WARN__DUPLICATE_METHOD_MATCH = YES;
				"CODE_SIGN_IDENTITY[sdk=iphoneos*]" = "iPhone Developer";
				COPY_PHASE_STRIP = NO;
				DEBUG_INFORMATION_FORMAT = "dwarf-with-dsym";
				ENABLE_NS_ASSERTIONS = NO;
				ENABLE_STRICT_OBJC_MSGSEND = YES;
				GCC_C_LANGUAGE_STANDARD = gnu99;
				GCC_NO_COMMON_BLOCKS = YES;
				GCC_WARN_64_TO_32_BIT_CONVERSION = YES;
				GCC_WARN_ABOUT_RETURN_TYPE = YES_ERROR;
				GCC_WARN_UNDECLARED_SELECTOR = YES;
				GCC_WARN_UNINITIALIZED_AUTOS = YES_AGGRESSIVE;
				GCC_WARN_UNUSED_FUNCTION = YES;
				GCC_WARN_UNUSED_VARIABLE = YES;
				IPHONEOS_DEPLOYMENT_TARGET = 10.2;
				MTL_ENABLE_DEBUG_INFO = NO;
				SDKROOT = iphoneos;
				SWIFT_OPTIMIZATION_LEVEL = "-Owholemodule";
				TARGETED_DEVICE_FAMILY = "1,2";
				VALIDATE_PRODUCT = YES;
			};
			name = Release;
		};
		1B6BCBE91EE586370054B774 /* Debug */ = {
			isa = XCBuildConfiguration;
			buildSettings = {
				ASSETCATALOG_COMPILER_APPICON_NAME = AppIcon;
				INFOPLIST_FILE = SwiftExample/Info.plist;
				LD_RUNPATH_SEARCH_PATHS = "$(inherited) @executable_path/Frameworks";
				PRODUCT_BUNDLE_IDENTIFIER = com.SwiftExample;
				PRODUCT_NAME = "$(TARGET_NAME)";
				SWIFT_VERSION = 3.0;
			};
			name = Debug;
		};
		1B6BCBEA1EE586370054B774 /* Release */ = {
			isa = XCBuildConfiguration;
			buildSettings = {
				ASSETCATALOG_COMPILER_APPICON_NAME = AppIcon;
				INFOPLIST_FILE = SwiftExample/Info.plist;
				LD_RUNPATH_SEARCH_PATHS = "$(inherited) @executable_path/Frameworks";
				PRODUCT_BUNDLE_IDENTIFIER = com.SwiftExample;
				PRODUCT_NAME = "$(TARGET_NAME)";
				SWIFT_VERSION = 3.0;
			};
			name = Release;
		};
		1B6BCBEC1EE586370054B774 /* Debug */ = {
			isa = XCBuildConfiguration;
			buildSettings = {
				ALWAYS_EMBED_SWIFT_STANDARD_LIBRARIES = YES;
				BUNDLE_LOADER = "$(TEST_HOST)";
				INFOPLIST_FILE = SwiftExampleTests/Info.plist;
				LD_RUNPATH_SEARCH_PATHS = "$(inherited) @executable_path/Frameworks @loader_path/Frameworks";
				PRODUCT_BUNDLE_IDENTIFIER = com.SwiftExampleTests;
				PRODUCT_NAME = "$(TARGET_NAME)";
				SWIFT_VERSION = 3.0;
				TEST_HOST = "$(BUILT_PRODUCTS_DIR)/SwiftExample.app/SwiftExample";
			};
			name = Debug;
		};
		1B6BCBED1EE586370054B774 /* Release */ = {
			isa = XCBuildConfiguration;
			buildSettings = {
				ALWAYS_EMBED_SWIFT_STANDARD_LIBRARIES = YES;
				BUNDLE_LOADER = "$(TEST_HOST)";
				INFOPLIST_FILE = SwiftExampleTests/Info.plist;
				LD_RUNPATH_SEARCH_PATHS = "$(inherited) @executable_path/Frameworks @loader_path/Frameworks";
				PRODUCT_BUNDLE_IDENTIFIER = com.SwiftExampleTests;
				PRODUCT_NAME = "$(TARGET_NAME)";
				SWIFT_VERSION = 3.0;
				TEST_HOST = "$(BUILT_PRODUCTS_DIR)/SwiftExample.app/SwiftExample";
			};
			name = Release;
		};
		1B6BCBEF1EE586370054B774 /* Debug */ = {
			isa = XCBuildConfiguration;
			buildSettings = {
				ALWAYS_EMBED_SWIFT_STANDARD_LIBRARIES = YES;
				INFOPLIST_FILE = SwiftExampleUITests/Info.plist;
				LD_RUNPATH_SEARCH_PATHS = "$(inherited) @executable_path/Frameworks @loader_path/Frameworks";
				PRODUCT_BUNDLE_IDENTIFIER = com.SwiftExampleUITests;
				PRODUCT_NAME = "$(TARGET_NAME)";
				SWIFT_VERSION = 3.0;
				TEST_TARGET_NAME = SwiftExample;
			};
			name = Debug;
		};
		1B6BCBF01EE586370054B774 /* Release */ = {
			isa = XCBuildConfiguration;
			buildSettings = {
				ALWAYS_EMBED_SWIFT_STANDARD_LIBRARIES = YES;
				INFOPLIST_FILE = SwiftExampleUITests/Info.plist;
				LD_RUNPATH_SEARCH_PATHS = "$(inherited) @executable_path/Frameworks @loader_path/Frameworks";
				PRODUCT_BUNDLE_IDENTIFIER = com.SwiftExampleUITests;
				PRODUCT_NAME = "$(TARGET_NAME)";
				SWIFT_VERSION = 3.0;
				TEST_TARGET_NAME = SwiftExample;
			};
			name = Release;
		};
/* End XCBuildConfiguration section */

/* Begin XCConfigurationList section */
		1B6BCBBB1EE586370054B774 /* Build configuration list for PBXProject "SwiftExample" */ = {
			isa = XCConfigurationList;
			buildConfigurations = (
				1B6BCBE61EE586370054B774 /* Debug */,
				1B6BCBE71EE586370054B774 /* Release */,
			);
			defaultConfigurationIsVisible = 0;
			defaultConfigurationName = Release;
		};
		1B6BCBE81EE586370054B774 /* Build configuration list for PBXNativeTarget "SwiftExample" */ = {
			isa = XCConfigurationList;
			buildConfigurations = (
				1B6BCBE91EE586370054B774 /* Debug */,
				1B6BCBEA1EE586370054B774 /* Release */,
			);
			defaultConfigurationIsVisible = 0;
		};
		1B6BCBEB1EE586370054B774 /* Build configuration list for PBXNativeTarget "SwiftExampleTests" */ = {
			isa = XCConfigurationList;
			buildConfigurations = (
				1B6BCBEC1EE586370054B774 /* Debug */,
				1B6BCBED1EE586370054B774 /* Release */,
			);
			defaultConfigurationIsVisible = 0;
		};
		1B6BCBEE1EE586370054B774 /* Build configuration list for PBXNativeTarget "SwiftExampleUITests" */ = {
			isa = XCConfigurationList;
			buildConfigurations = (
				1B6BCBEF1EE586370054B774 /* Debug */,
				1B6BCBF01EE586370054B774 /* Release */,
			);
			defaultConfigurationIsVisible = 0;
		};
/* End XCConfigurationList section */
	};
	rootObject = 1B6BCBB81EE586370054B774 /* Project object */;
}
